
Microsoft Visual Studio Solution File, Format Version 12.00
# Visual Studio Version 17
VisualStudioVersion = 17.9.34714.143
MinimumVisualStudioVersion = 10.0.40219.1
Project("{FAE04EC0-301F-11D3-BF4B-00C04F79EFBC}") = "Dice Simulator", "Dice Simulator\Dice Simulator.csproj", "{8E6FEB81-453D-414B-A80A-2311C6CA7174}"
EndProject
Global
	GlobalSection(SolutionConfigurationPlatforms) = preSolution
		Debug|Any CPU = Debug|Any CPU
		Release|Any CPU = Release|Any CPU
	EndGlobalSection
	GlobalSection(ProjectConfigurationPlatforms) = postSolution
		{8E6FEB81-453D-414B-A80A-2311C6CA7174}.Debug|Any CPU.ActiveCfg = Debug|Any CPU
		{8E6FEB81-453D-414B-A80A-2311C6CA7174}.Debug|Any CPU.Build.0 = Debug|Any CPU
		{8E6FEB81-453D-414B-A80A-2311C6CA7174}.Release|Any CPU.ActiveCfg = Release|Any CPU
		{8E6FEB81-453D-414B-A80A-2311C6CA7174}.Release|Any CPU.Build.0 = Release|Any CPU
	EndGlobalSection
	GlobalSection(SolutionProperties) = preSolution
		HideSolutionNode = FALSE
	EndGlobalSection
	GlobalSection(ExtensibilityGlobals) = postSolution
		SolutionGuid = {85B75A06-5B73-4C95-B126-4F62BAF5C91F}
	EndGlobalSection
EndGlobal
